
Microsoft Visual Studio Solution File, Format Version 12.00
# Visual Studio Version 16
VisualStudioVersion = 16.0.32929.386
MinimumVisualStudioVersion = 10.0.40219.1
Project("{FAE04EC0-301F-11D3-BF4B-00C04F79EFBC}") = "Shop", "Shop\Shop.csproj", "{5BCFCDD5-0BD7-444A-BE23-F6A70B3D365A}"
EndProject
Project("{FAE04EC0-301F-11D3-BF4B-00C04F79EFBC}") = "ShopTests", "ShopTests\ShopTests.csproj", "{418FBD50-2D95-4AB1-9F11-EDF52A16822F}"
EndProject
Global
	GlobalSection(SolutionConfigurationPlatforms) = preSolution
		Debug|Any CPU = Debug|Any CPU
		Release|Any CPU = Release|Any CPU
	EndGlobalSection
	GlobalSection(ProjectConfigurationPlatforms) = postSolution
		{5BCFCDD5-0BD7-444A-BE23-F6A70B3D365A}.Debug|Any CPU.ActiveCfg = Debug|Any CPU
		{5BCFCDD5-0BD7-444A-BE23-F6A70B3D365A}.Debug|Any CPU.Build.0 = Debug|Any CPU
		{5BCFCDD5-0BD7-444A-BE23-F6A70B3D365A}.Release|Any CPU.ActiveCfg = Release|Any CPU
		{5BCFCDD5-0BD7-444A-BE23-F6A70B3D365A}.Release|Any CPU.Build.0 = Release|Any CPU
		{418FBD50-2D95-4AB1-9F11-EDF52A16822F}.Debug|Any CPU.ActiveCfg = Debug|Any CPU
		{418FBD50-2D95-4AB1-9F11-EDF52A16822F}.Debug|Any CPU.Build.0 = Debug|Any CPU
		{418FBD50-2D95-4AB1-9F11-EDF52A16822F}.Release|Any CPU.ActiveCfg = Release|Any CPU
		{418FBD50-2D95-4AB1-9F11-EDF52A16822F}.Release|Any CPU.Build.0 = Release|Any CPU
	EndGlobalSection
	GlobalSection(SolutionProperties) = preSolution
		HideSolutionNode = FALSE
	EndGlobalSection
	GlobalSection(ExtensibilityGlobals) = postSolution
		SolutionGuid = {BF5A5017-6748-48C2-B126-06C3268491B0}
	EndGlobalSection
EndGlobal
